
Microsoft Visual Studio Solution File, Format Version 12.00
# Visual Studio Version 17
VisualStudioVersion = 17.2.32519.379
MinimumVisualStudioVersion = 11.0.50727.42
Project("{8BC9CEB8-8B4A-11D0-8D11-00A0C91BC942}") = "x264guiEx", "x264guiEx\x264guiEx.vcxproj", "{1C2815CC-4078-4EBE-B7BA-FA807D246200}"
EndProject
Project("{8BC9CEB8-8B4A-11D0-8D11-00A0C91BC942}") = "tinyxml2", "tinyxml2\tinyxml2.vcxproj", "{A34CA86D-6C2B-482F-984E-2687459E65E9}"
EndProject
Global
	GlobalSection(SolutionConfigurationPlatforms) = preSolution
		Debug|Win32 = Debug|Win32
		Release|Win32 = Release|Win32
	EndGlobalSection
	GlobalSection(ProjectConfigurationPlatforms) = postSolution
		{1C2815CC-4078-4EBE-B7BA-FA807D246200}.Debug|Win32.ActiveCfg = Debug|Win32
		{1C2815CC-4078-4EBE-B7BA-FA807D246200}.Debug|Win32.Build.0 = Debug|Win32
		{1C2815CC-4078-4EBE-B7BA-FA807D246200}.Release|Win32.ActiveCfg = Release|Win32
		{1C2815CC-4078-4EBE-B7BA-FA807D246200}.Release|Win32.Build.0 = Release|Win32
		{A34CA86D-6C2B-482F-984E-2687459E65E9}.Debug|Win32.ActiveCfg = Debug|Win32
		{A34CA86D-6C2B-482F-984E-2687459E65E9}.Debug|Win32.Build.0 = Debug|Win32
		{A34CA86D-6C2B-482F-984E-2687459E65E9}.Release|Win32.ActiveCfg = Release|Win32
		{A34CA86D-6C2B-482F-984E-2687459E65E9}.Release|Win32.Build.0 = Release|Win32
	EndGlobalSection
	GlobalSection(SolutionProperties) = preSolution
		HideSolutionNode = FALSE
	EndGlobalSection
	GlobalSection(ExtensibilityGlobals) = postSolution
		SolutionGuid = {7CF38660-19F7-45FC-8075-2E619BA59FC1}
	EndGlobalSection
EndGlobal
