
Microsoft Visual Studio Solution File, Format Version 12.00
# Visual Studio Version 16
VisualStudioVersion = 16.0.28729.10
MinimumVisualStudioVersion = 11.0.50727.42
Project("{8BC9CEB8-8B4A-11D0-8D11-00A0C91BC942}") = "x264guiEx", "x264guiEx\x264guiEx.vcxproj", "{1C2815CC-4078-4EBE-B7BA-FA807D246200}"
EndProject
Global
	GlobalSection(SolutionConfigurationPlatforms) = preSolution
		Debug|Itanium = Debug|Itanium
		Debug|Win32 = Debug|Win32
		Debug|x64 = Debug|x64
		Release|Itanium = Release|Itanium
		Release|Win32 = Release|Win32
		Release|x64 = Release|x64
		ReleaseWithoutAsm|Itanium = ReleaseWithoutAsm|Itanium
		ReleaseWithoutAsm|Win32 = ReleaseWithoutAsm|Win32
		ReleaseWithoutAsm|x64 = ReleaseWithoutAsm|x64
	EndGlobalSection
	GlobalSection(ProjectConfigurationPlatforms) = postSolution
		{1C2815CC-4078-4EBE-B7BA-FA807D246200}.Debug|Itanium.ActiveCfg = Debug|Win32
		{1C2815CC-4078-4EBE-B7BA-FA807D246200}.Debug|Win32.ActiveCfg = Debug|Win32
		{1C2815CC-4078-4EBE-B7BA-FA807D246200}.Debug|Win32.Build.0 = Debug|Win32
		{1C2815CC-4078-4EBE-B7BA-FA807D246200}.Debug|x64.ActiveCfg = Debug|Win32
		{1C2815CC-4078-4EBE-B7BA-FA807D246200}.Release|Itanium.ActiveCfg = Release|Win32
		{1C2815CC-4078-4EBE-B7BA-FA807D246200}.Release|Win32.ActiveCfg = Release|Win32
		{1C2815CC-4078-4EBE-B7BA-FA807D246200}.Release|Win32.Build.0 = Release|Win32
		{1C2815CC-4078-4EBE-B7BA-FA807D246200}.Release|x64.ActiveCfg = Release|Win32
		{1C2815CC-4078-4EBE-B7BA-FA807D246200}.ReleaseWithoutAsm|Itanium.ActiveCfg = Release|Win32
		{1C2815CC-4078-4EBE-B7BA-FA807D246200}.ReleaseWithoutAsm|Itanium.Build.0 = Release|Win32
		{1C2815CC-4078-4EBE-B7BA-FA807D246200}.ReleaseWithoutAsm|Win32.ActiveCfg = Release|Win32
		{1C2815CC-4078-4EBE-B7BA-FA807D246200}.ReleaseWithoutAsm|Win32.Build.0 = Release|Win32
		{1C2815CC-4078-4EBE-B7BA-FA807D246200}.ReleaseWithoutAsm|x64.ActiveCfg = Release|Win32
		{1C2815CC-4078-4EBE-B7BA-FA807D246200}.ReleaseWithoutAsm|x64.Build.0 = Release|Win32
	EndGlobalSection
	GlobalSection(SolutionProperties) = preSolution
		HideSolutionNode = FALSE
	EndGlobalSection
	GlobalSection(ExtensibilityGlobals) = postSolution
		SolutionGuid = {7CF38660-19F7-45FC-8075-2E619BA59FC1}
	EndGlobalSection
EndGlobal
